
Microsoft Visual Studio Solution File, Format Version 11.00
# Visual Studio 2010
Project("{FAE04EC0-301F-11D3-BF4B-00C04F79EFBC}") = "Assembly-CSharp", "Assembly-CSharp.csproj", "{76497812-95e8-62f9-1a33-7450d50d49a5}"
EndProject
Project("{FAE04EC0-301F-11D3-BF4B-00C04F79EFBC}") = "Assembly-CSharp-firstpass", "Assembly-CSharp-firstpass.csproj", "{62b80c70-37fd-d61b-0056-b669f8121ff9}"
EndProject
Global
	GlobalSection(SolutionConfigurationPlatforms) = preSolution
		Debug|Any CPU = Debug|Any CPU
		Release|Any CPU = Release|Any CPU
	EndGlobalSection
	GlobalSection(ProjectConfigurationPlatforms) = postSolution
		{76497812-95e8-62f9-1a33-7450d50d49a5}.Debug|Any CPU.ActiveCfg = Debug|Any CPU
		{76497812-95e8-62f9-1a33-7450d50d49a5}.Debug|Any CPU.Build.0 = Debug|Any CPU
		{76497812-95e8-62f9-1a33-7450d50d49a5}.Release|Any CPU.ActiveCfg = Release|Any CPU
		{76497812-95e8-62f9-1a33-7450d50d49a5}.Release|Any CPU.Build.0 = Release|Any CPU
		{62b80c70-37fd-d61b-0056-b669f8121ff9}.Debug|Any CPU.ActiveCfg = Debug|Any CPU
		{62b80c70-37fd-d61b-0056-b669f8121ff9}.Debug|Any CPU.Build.0 = Debug|Any CPU
		{62b80c70-37fd-d61b-0056-b669f8121ff9}.Release|Any CPU.ActiveCfg = Release|Any CPU
		{62b80c70-37fd-d61b-0056-b669f8121ff9}.Release|Any CPU.Build.0 = Release|Any CPU
	EndGlobalSection
	GlobalSection(SolutionProperties) = preSolution
		HideSolutionNode = FALSE
	EndGlobalSection
EndGlobal
